
Microsoft Visual Studio Solution File, Format Version 12.00
Project("{FAE04EC0-301F-11D3-BF4B-00C04F79EFBC}") = "FileStateCapture", "FileStateCapture\FileStateCapture.csproj", "{7E8BB65B-A4A0-4172-9364-00FA3AC65915}"
EndProject
Global
	GlobalSection(SolutionConfigurationPlatforms) = preSolution
		Debug|Any CPU = Debug|Any CPU
		Release|Any CPU = Release|Any CPU
	EndGlobalSection
	GlobalSection(ProjectConfigurationPlatforms) = postSolution
		{7E8BB65B-A4A0-4172-9364-00FA3AC65915}.Debug|Any CPU.ActiveCfg = Debug|Any CPU
		{7E8BB65B-A4A0-4172-9364-00FA3AC65915}.Debug|Any CPU.Build.0 = Debug|Any CPU
		{7E8BB65B-A4A0-4172-9364-00FA3AC65915}.Release|Any CPU.ActiveCfg = Release|Any CPU
		{7E8BB65B-A4A0-4172-9364-00FA3AC65915}.Release|Any CPU.Build.0 = Release|Any CPU
	EndGlobalSection
EndGlobal
